
Microsoft Visual Studio Solution File, Format Version 12.00
# Visual Studio Version 17
VisualStudioVersion = 17.4.33403.182
MinimumVisualStudioVersion = 10.0.40219.1
Project("{FAE04EC0-301F-11D3-BF4B-00C04F79EFBC}") = "PhysicBox2D", "PhysicBox2D\PhysicBox2D.csproj", "{A59375F1-C53F-4907-9E47-6E8AD8A02801}"
EndProject
Global
	GlobalSection(SolutionConfigurationPlatforms) = preSolution
		Debug|Any CPU = Debug|Any CPU
		Release|Any CPU = Release|Any CPU
	EndGlobalSection
	GlobalSection(ProjectConfigurationPlatforms) = postSolution
		{A59375F1-C53F-4907-9E47-6E8AD8A02801}.Debug|Any CPU.ActiveCfg = Debug|Any CPU
		{A59375F1-C53F-4907-9E47-6E8AD8A02801}.Debug|Any CPU.Build.0 = Debug|Any CPU
		{A59375F1-C53F-4907-9E47-6E8AD8A02801}.Release|Any CPU.ActiveCfg = Release|Any CPU
		{A59375F1-C53F-4907-9E47-6E8AD8A02801}.Release|Any CPU.Build.0 = Release|Any CPU
	EndGlobalSection
	GlobalSection(SolutionProperties) = preSolution
		HideSolutionNode = FALSE
	EndGlobalSection
	GlobalSection(ExtensibilityGlobals) = postSolution
		SolutionGuid = {05D2B646-E746-4457-9AF9-FA524AA4C12C}
	EndGlobalSection
EndGlobal
